
Microsoft Visual Studio Solution File, Format Version 12.00
Project("{FAE04EC0-301F-11D3-BF4B-00C04F79EFBC}") = "OOP-ICT.First", "OOP-ICT.First\OOP-ICT.First.csproj", "{405D57FB-06C7-4449-B10C-94A65D8DE776}"
EndProject
Project("{FAE04EC0-301F-11D3-BF4B-00C04F79EFBC}") = "OOP-ICT.First.Tests", "OOP-ICT.First.Tests\OOP-ICT.First.Tests.csproj", "{E2A866AC-8D31-415D-9491-EA603B1E9101}"
EndProject
Project("{FAE04EC0-301F-11D3-BF4B-00C04F79EFBC}") = "OOP-ICT.Second", "OOP-ICT.Second\OOP-ICT.Second.csproj", "{1B0EAFED-7A1C-4DC3-AF7A-D6C8F7997965}"
EndProject
Project("{FAE04EC0-301F-11D3-BF4B-00C04F79EFBC}") = "OOP-ICT.Second.Tests", "OOP-ICT.Second.Tests\OOP-ICT.Second.Tests.csproj", "{FA02E33D-567B-4E72-A40F-AB9D0F36DC3A}"
EndProject
Project("{FAE04EC0-301F-11D3-BF4B-00C04F79EFBC}") = "OOP-ICT.Third", "OOP-ICT.Third\OOP-ICT.Third.csproj", "{83B9AB22-3817-4671-9757-396EAE48D11E}"
EndProject
Project("{FAE04EC0-301F-11D3-BF4B-00C04F79EFBC}") = "OOP-ICT.Third.Tests", "OOP-ICT.Third.Tests\OOP-ICT.Third.Tests.csproj", "{50FD398D-9654-4E28-9F4E-8DF3A8DC7550}"
EndProject
Project("{FAE04EC0-301F-11D3-BF4B-00C04F79EFBC}") = "OOP-ICT.Fourth", "OOP-ICT.Fourth\OOP-ICT.Fourth.csproj", "{B38168A5-B3AF-4AD6-B9D4-9340E21BF121}"
EndProject
Project("{FAE04EC0-301F-11D3-BF4B-00C04F79EFBC}") = "OOP-ICT.Fourth.Tests", "OOP-ICT.Fourth.Tests\OOP-ICT.Fourth.Tests.csproj", "{EAFB5FDD-EAED-43B1-8E92-757F71E13384}"
EndProject
Project("{FAE04EC0-301F-11D3-BF4B-00C04F79EFBC}") = "OOP-ICT.Fifth", "OOP-ICT.Fifth\OOP-ICT.Fifth.csproj", "{C504D6C5-8D64-45B8-9C77-3451B9AAA325}"
EndProject
Project("{FAE04EC0-301F-11D3-BF4B-00C04F79EFBC}") = "OOP-ICT.Fifth.Tests", "OOP-ICT.Fifth.Tests\OOP-ICT.Fifth.Tests.csproj", "{A63A7D82-E7D4-427B-8D78-D2660739034F}"
EndProject
Project("{FAE04EC0-301F-11D3-BF4B-00C04F79EFBC}") = "OOP-ICT.Sixth", "OOP-ICT.Sixth\OOP-ICT.Sixth.csproj", "{C62083E1-95F8-44CD-975B-03104658CF65}"
EndProject
Project("{FAE04EC0-301F-11D3-BF4B-00C04F79EFBC}") = "OOP-ICT.Sixth.Tests", "OOP-ICT.Sixth.Tests\OOP-ICT.Sixth.Tests.csproj", "{FEF07E93-9292-4FE6-AFC2-B150D65D7D80}"
EndProject
Global
	GlobalSection(SolutionConfigurationPlatforms) = preSolution
		Debug|Any CPU = Debug|Any CPU
		Release|Any CPU = Release|Any CPU
	EndGlobalSection
	GlobalSection(ProjectConfigurationPlatforms) = postSolution
		{405D57FB-06C7-4449-B10C-94A65D8DE776}.Debug|Any CPU.ActiveCfg = Debug|Any CPU
		{405D57FB-06C7-4449-B10C-94A65D8DE776}.Debug|Any CPU.Build.0 = Debug|Any CPU
		{405D57FB-06C7-4449-B10C-94A65D8DE776}.Release|Any CPU.ActiveCfg = Release|Any CPU
		{405D57FB-06C7-4449-B10C-94A65D8DE776}.Release|Any CPU.Build.0 = Release|Any CPU
		{E2A866AC-8D31-415D-9491-EA603B1E9101}.Debug|Any CPU.ActiveCfg = Debug|Any CPU
		{E2A866AC-8D31-415D-9491-EA603B1E9101}.Debug|Any CPU.Build.0 = Debug|Any CPU
		{E2A866AC-8D31-415D-9491-EA603B1E9101}.Release|Any CPU.ActiveCfg = Release|Any CPU
		{E2A866AC-8D31-415D-9491-EA603B1E9101}.Release|Any CPU.Build.0 = Release|Any CPU
		{1B0EAFED-7A1C-4DC3-AF7A-D6C8F7997965}.Debug|Any CPU.ActiveCfg = Debug|Any CPU
		{1B0EAFED-7A1C-4DC3-AF7A-D6C8F7997965}.Debug|Any CPU.Build.0 = Debug|Any CPU
		{1B0EAFED-7A1C-4DC3-AF7A-D6C8F7997965}.Release|Any CPU.ActiveCfg = Release|Any CPU
		{1B0EAFED-7A1C-4DC3-AF7A-D6C8F7997965}.Release|Any CPU.Build.0 = Release|Any CPU
		{FA02E33D-567B-4E72-A40F-AB9D0F36DC3A}.Debug|Any CPU.ActiveCfg = Debug|Any CPU
		{FA02E33D-567B-4E72-A40F-AB9D0F36DC3A}.Debug|Any CPU.Build.0 = Debug|Any CPU
		{FA02E33D-567B-4E72-A40F-AB9D0F36DC3A}.Release|Any CPU.ActiveCfg = Release|Any CPU
		{FA02E33D-567B-4E72-A40F-AB9D0F36DC3A}.Release|Any CPU.Build.0 = Release|Any CPU
		{83B9AB22-3817-4671-9757-396EAE48D11E}.Debug|Any CPU.ActiveCfg = Debug|Any CPU
		{83B9AB22-3817-4671-9757-396EAE48D11E}.Debug|Any CPU.Build.0 = Debug|Any CPU
		{83B9AB22-3817-4671-9757-396EAE48D11E}.Release|Any CPU.ActiveCfg = Release|Any CPU
		{83B9AB22-3817-4671-9757-396EAE48D11E}.Release|Any CPU.Build.0 = Release|Any CPU
		{50FD398D-9654-4E28-9F4E-8DF3A8DC7550}.Debug|Any CPU.ActiveCfg = Debug|Any CPU
		{50FD398D-9654-4E28-9F4E-8DF3A8DC7550}.Debug|Any CPU.Build.0 = Debug|Any CPU
		{50FD398D-9654-4E28-9F4E-8DF3A8DC7550}.Release|Any CPU.ActiveCfg = Release|Any CPU
		{50FD398D-9654-4E28-9F4E-8DF3A8DC7550}.Release|Any CPU.Build.0 = Release|Any CPU
		{B38168A5-B3AF-4AD6-B9D4-9340E21BF121}.Debug|Any CPU.ActiveCfg = Debug|Any CPU
		{B38168A5-B3AF-4AD6-B9D4-9340E21BF121}.Debug|Any CPU.Build.0 = Debug|Any CPU
		{B38168A5-B3AF-4AD6-B9D4-9340E21BF121}.Release|Any CPU.ActiveCfg = Release|Any CPU
		{B38168A5-B3AF-4AD6-B9D4-9340E21BF121}.Release|Any CPU.Build.0 = Release|Any CPU
		{EAFB5FDD-EAED-43B1-8E92-757F71E13384}.Debug|Any CPU.ActiveCfg = Debug|Any CPU
		{EAFB5FDD-EAED-43B1-8E92-757F71E13384}.Debug|Any CPU.Build.0 = Debug|Any CPU
		{EAFB5FDD-EAED-43B1-8E92-757F71E13384}.Release|Any CPU.ActiveCfg = Release|Any CPU
		{EAFB5FDD-EAED-43B1-8E92-757F71E13384}.Release|Any CPU.Build.0 = Release|Any CPU
		{C504D6C5-8D64-45B8-9C77-3451B9AAA325}.Debug|Any CPU.ActiveCfg = Debug|Any CPU
		{C504D6C5-8D64-45B8-9C77-3451B9AAA325}.Debug|Any CPU.Build.0 = Debug|Any CPU
		{C504D6C5-8D64-45B8-9C77-3451B9AAA325}.Release|Any CPU.ActiveCfg = Release|Any CPU
		{C504D6C5-8D64-45B8-9C77-3451B9AAA325}.Release|Any CPU.Build.0 = Release|Any CPU
		{A63A7D82-E7D4-427B-8D78-D2660739034F}.Debug|Any CPU.ActiveCfg = Debug|Any CPU
		{A63A7D82-E7D4-427B-8D78-D2660739034F}.Debug|Any CPU.Build.0 = Debug|Any CPU
		{A63A7D82-E7D4-427B-8D78-D2660739034F}.Release|Any CPU.ActiveCfg = Release|Any CPU
		{A63A7D82-E7D4-427B-8D78-D2660739034F}.Release|Any CPU.Build.0 = Release|Any CPU
		{C62083E1-95F8-44CD-975B-03104658CF65}.Debug|Any CPU.ActiveCfg = Debug|Any CPU
		{C62083E1-95F8-44CD-975B-03104658CF65}.Debug|Any CPU.Build.0 = Debug|Any CPU
		{C62083E1-95F8-44CD-975B-03104658CF65}.Release|Any CPU.ActiveCfg = Release|Any CPU
		{C62083E1-95F8-44CD-975B-03104658CF65}.Release|Any CPU.Build.0 = Release|Any CPU
		{FEF07E93-9292-4FE6-AFC2-B150D65D7D80}.Debug|Any CPU.ActiveCfg = Debug|Any CPU
		{FEF07E93-9292-4FE6-AFC2-B150D65D7D80}.Debug|Any CPU.Build.0 = Debug|Any CPU
		{FEF07E93-9292-4FE6-AFC2-B150D65D7D80}.Release|Any CPU.ActiveCfg = Release|Any CPU
		{FEF07E93-9292-4FE6-AFC2-B150D65D7D80}.Release|Any CPU.Build.0 = Release|Any CPU
	EndGlobalSection
EndGlobal
